
Microsoft Visual Studio Solution File, Format Version 12.00
# Visual Studio 15
VisualStudioVersion = 15.0.26730.16
MinimumVisualStudioVersion = 10.0.40219.1
Project("{2150E333-8FDC-42A3-9474-1A3956D46DE8}") = "Business", "Business", "{83DE26C9-AF6B-4A74-8E71-D673823AC3A6}"
EndProject
Project("{2150E333-8FDC-42A3-9474-1A3956D46DE8}") = "Client", "Client", "{54483B46-DAB0-465E-8BC7-09DBF359D48D}"
EndProject
Project("{FAE04EC0-301F-11D3-BF4B-00C04F79EFBC}") = "CarRental.Business.Entities", "CarRental.Business.Entities\CarRental.Business.Entities.csproj", "{62673DE5-54A0-4E20-959E-89EC2CD2B2C0}"
EndProject
Project("{FAE04EC0-301F-11D3-BF4B-00C04F79EFBC}") = "CarRental.Client.Entities", "CarRental.Client.Entities\CarRental.Client.Entities.csproj", "{187E0A55-A52B-4601-B4E1-9B145F9BB252}"
EndProject
Project("{2150E333-8FDC-42A3-9474-1A3956D46DE8}") = "Core", "Core", "{80E6AB7E-CA9A-4A7C-ADEF-7859CB7BCFEF}"
EndProject
Project("{FAE04EC0-301F-11D3-BF4B-00C04F79EFBC}") = "Core.Common", "Core.Common\Core.Common.csproj", "{C4FF3972-E11B-418A-8B6B-B18251FE1819}"
EndProject
Project("{FAE04EC0-301F-11D3-BF4B-00C04F79EFBC}") = "Core.Common.Contract", "Core.Common.Contract\Core.Common.Contract.csproj", "{CB98715A-6F23-41C3-940B-30DE70B72D41}"
EndProject
Project("{2150E333-8FDC-42A3-9474-1A3956D46DE8}") = "Resource Access", "Resource Access", "{7F30ADC0-3BD0-45B9-AB8E-AE4C10876ECC}"
EndProject
Project("{FAE04EC0-301F-11D3-BF4B-00C04F79EFBC}") = "CarRental.Data.Contract", "CarRental.Data.Contract\CarRental.Data.Contract.csproj", "{A1B9B454-D4A6-4D3D-81F5-0ECC57442649}"
EndProject
Project("{FAE04EC0-301F-11D3-BF4B-00C04F79EFBC}") = "CarRental.Data", "CarRental.Data\CarRental.Data.csproj", "{1F0E4F75-29AC-460D-BE18-58A338D3CA70}"
EndProject
Project("{2150E333-8FDC-42A3-9474-1A3956D46DE8}") = "Test", "Test", "{7D639639-2181-4C52-8E29-AFEB56F6A89A}"
EndProject
Project("{FAE04EC0-301F-11D3-BF4B-00C04F79EFBC}") = "Core.Common.Test", "Core.Common.Test\Core.Common.Test.csproj", "{D6AA6784-BCEA-42BA-A8A3-FEF2D14689FE}"
EndProject
Project("{FAE04EC0-301F-11D3-BF4B-00C04F79EFBC}") = "CarRental.Business.Bootstrapper", "CarRental.Business.Bootstrapper\CarRental.Business.Bootstrapper.csproj", "{F4F358B1-A7F9-4F45-B786-4B21DCA6F7DC}"
EndProject
Project("{FAE04EC0-301F-11D3-BF4B-00C04F79EFBC}") = "CarRental.Data.Tests", "CarRental.Data.Tests\CarRental.Data.Tests.csproj", "{D39DCC2D-1549-478D-A1F4-B71BEA000689}"
EndProject
Project("{FAE04EC0-301F-11D3-BF4B-00C04F79EFBC}") = "CarRental.Business.Contracts", "CarRental.Business.Contracts\CarRental.Business.Contracts.csproj", "{C45D4D55-7916-445B-A633-5FECE78E12C6}"
EndProject
Project("{FAE04EC0-301F-11D3-BF4B-00C04F79EFBC}") = "CarRental.Business.Managers", "CarRental.Business.Managers\CarRental.Business.Managers.csproj", "{BD4129E2-850C-4C87-8200-679021B110E3}"
EndProject
Project("{FAE04EC0-301F-11D3-BF4B-00C04F79EFBC}") = "CarRental.Business", "CarRental.Business\CarRental.Business.csproj", "{02C7D4AB-6C02-4F9A-AAD1-82C77488DEA6}"
EndProject
Project("{FAE04EC0-301F-11D3-BF4B-00C04F79EFBC}") = "CarRental.Business.Common", "CarRental.Business.Common\CarRental.Business.Common.csproj", "{DD610CAB-7FB6-4FE2-8290-075E4F20D287}"
EndProject
Project("{2150E333-8FDC-42A3-9474-1A3956D46DE8}") = "Common", "Common", "{B5C6F9DB-242F-489B-8623-60B29D799356}"
EndProject
Project("{FAE04EC0-301F-11D3-BF4B-00C04F79EFBC}") = "CarRental.Common", "CarRental.Common\CarRental.Common.csproj", "{12496675-A0EC-4659-A04C-F0CCDF6EBFEB}"
EndProject
Project("{FAE04EC0-301F-11D3-BF4B-00C04F79EFBC}") = "Core.Common.ServiceModel", "Core.Common.ServiceModel\Core.Common.ServiceModel.csproj", "{CEF4D9CF-F9B7-4116-894C-D8AC8948063C}"
EndProject
Project("{FAE04EC0-301F-11D3-BF4B-00C04F79EFBC}") = "CarRental.Business.Tests", "CarRental.Business.Tests\CarRental.Business.Tests.csproj", "{DCBFB892-DBE7-4DA1-B64A-A66896998143}"
EndProject
Project("{FAE04EC0-301F-11D3-BF4B-00C04F79EFBC}") = "CarRental.Business.Managers.Tests", "CarRental.Business.Managers.Tests\CarRental.Business.Managers.Tests.csproj", "{BD729B94-0243-4208-9151-5B373D4B1570}"
EndProject
Project("{2150E333-8FDC-42A3-9474-1A3956D46DE8}") = "Hosting", "Hosting", "{FF313704-86C5-463A-9DAA-E06A5F444FC6}"
EndProject
Project("{FAE04EC0-301F-11D3-BF4B-00C04F79EFBC}") = "CarRental.ServiceHost", "CarRental.ServiceHost.Console\CarRental.ServiceHost.csproj", "{87125F3F-65EC-446E-B5F0-2744B6595075}"
EndProject
Project("{FAE04EC0-301F-11D3-BF4B-00C04F79EFBC}") = "CarRental.ServiceHosts.Tests", "CarRental.ServiceHosts.Tests\CarRental.ServiceHosts.Tests.csproj", "{5CE987E3-CB9A-4429-ACFF-23C2E2926344}"
EndProject
Project("{FAE04EC0-301F-11D3-BF4B-00C04F79EFBC}") = "CarRental.Client.Contracts", "CarRental.Client.Contracts\CarRental.Client.Contracts.csproj", "{3EEEB68A-979F-41EB-9068-ECA07D0CBBEA}"
EndProject
Project("{FAE04EC0-301F-11D3-BF4B-00C04F79EFBC}") = "CarRental.Client.Proxies", "CarRental.Client.Proxies\CarRental.Client.Proxies.csproj", "{E1FCE344-B16A-4D5D-9AB7-F10A54FFB28C}"
EndProject
Project("{FAE04EC0-301F-11D3-BF4B-00C04F79EFBC}") = "CarRental.Client.Bootstrapper", "CarRental.Client.Bootstrapper\CarRental.Client.Bootstrapper.csproj", "{9B95C828-8F90-419D-BC72-72D1FB03B9AA}"
EndProject
Project("{FAE04EC0-301F-11D3-BF4B-00C04F79EFBC}") = "CarRental.Client.Proxies.Tests", "CarRental.Client.Proxies.Tests\CarRental.Client.Proxies.Tests.csproj", "{1025362B-D588-49E9-B4AA-DC0E708596D0}"
EndProject
Project("{2150E333-8FDC-42A3-9474-1A3956D46DE8}") = "Presentation", "Presentation", "{357E8264-0FDD-4238-847F-083578F10F24}"
EndProject
Project("{FAE04EC0-301F-11D3-BF4B-00C04F79EFBC}") = "CarRental.WebApp", "CarRental.WebApp\CarRental.WebApp.csproj", "{3A8D74E0-BA11-4292-A2C7-68788556B378}"
EndProject
Project("{FAE04EC0-301F-11D3-BF4B-00C04F79EFBC}") = "CarRental.WebApp.Tests", "CarRental.WebApp.Tests\CarRental.WebApp.Tests.csproj", "{63336F40-B022-4530-8D85-CED17635AE4A}"
EndProject
Global
	GlobalSection(SolutionConfigurationPlatforms) = preSolution
		Debug|Any CPU = Debug|Any CPU
		Debug|x64 = Debug|x64
		Debug|x86 = Debug|x86
		Release|Any CPU = Release|Any CPU
		Release|x64 = Release|x64
		Release|x86 = Release|x86
	EndGlobalSection
	GlobalSection(ProjectConfigurationPlatforms) = postSolution
		{62673DE5-54A0-4E20-959E-89EC2CD2B2C0}.Debug|Any CPU.ActiveCfg = Debug|Any CPU
		{62673DE5-54A0-4E20-959E-89EC2CD2B2C0}.Debug|Any CPU.Build.0 = Debug|Any CPU
		{62673DE5-54A0-4E20-959E-89EC2CD2B2C0}.Debug|x64.ActiveCfg = Debug|Any CPU
		{62673DE5-54A0-4E20-959E-89EC2CD2B2C0}.Debug|x64.Build.0 = Debug|Any CPU
		{62673DE5-54A0-4E20-959E-89EC2CD2B2C0}.Debug|x86.ActiveCfg = Debug|Any CPU
		{62673DE5-54A0-4E20-959E-89EC2CD2B2C0}.Debug|x86.Build.0 = Debug|Any CPU
		{62673DE5-54A0-4E20-959E-89EC2CD2B2C0}.Release|Any CPU.ActiveCfg = Release|Any CPU
		{62673DE5-54A0-4E20-959E-89EC2CD2B2C0}.Release|Any CPU.Build.0 = Release|Any CPU
		{62673DE5-54A0-4E20-959E-89EC2CD2B2C0}.Release|x64.ActiveCfg = Release|Any CPU
		{62673DE5-54A0-4E20-959E-89EC2CD2B2C0}.Release|x64.Build.0 = Release|Any CPU
		{62673DE5-54A0-4E20-959E-89EC2CD2B2C0}.Release|x86.ActiveCfg = Release|Any CPU
		{62673DE5-54A0-4E20-959E-89EC2CD2B2C0}.Release|x86.Build.0 = Release|Any CPU
		{187E0A55-A52B-4601-B4E1-9B145F9BB252}.Debug|Any CPU.ActiveCfg = Debug|Any CPU
		{187E0A55-A52B-4601-B4E1-9B145F9BB252}.Debug|Any CPU.Build.0 = Debug|Any CPU
		{187E0A55-A52B-4601-B4E1-9B145F9BB252}.Debug|x64.ActiveCfg = Debug|Any CPU
		{187E0A55-A52B-4601-B4E1-9B145F9BB252}.Debug|x64.Build.0 = Debug|Any CPU
		{187E0A55-A52B-4601-B4E1-9B145F9BB252}.Debug|x86.ActiveCfg = Debug|Any CPU
		{187E0A55-A52B-4601-B4E1-9B145F9BB252}.Debug|x86.Build.0 = Debug|Any CPU
		{187E0A55-A52B-4601-B4E1-9B145F9BB252}.Release|Any CPU.ActiveCfg = Release|Any CPU
		{187E0A55-A52B-4601-B4E1-9B145F9BB252}.Release|Any CPU.Build.0 = Release|Any CPU
		{187E0A55-A52B-4601-B4E1-9B145F9BB252}.Release|x64.ActiveCfg = Release|Any CPU
		{187E0A55-A52B-4601-B4E1-9B145F9BB252}.Release|x64.Build.0 = Release|Any CPU
		{187E0A55-A52B-4601-B4E1-9B145F9BB252}.Release|x86.ActiveCfg = Release|Any CPU
		{187E0A55-A52B-4601-B4E1-9B145F9BB252}.Release|x86.Build.0 = Release|Any CPU
		{C4FF3972-E11B-418A-8B6B-B18251FE1819}.Debug|Any CPU.ActiveCfg = Debug|Any CPU
		{C4FF3972-E11B-418A-8B6B-B18251FE1819}.Debug|Any CPU.Build.0 = Debug|Any CPU
		{C4FF3972-E11B-418A-8B6B-B18251FE1819}.Debug|x64.ActiveCfg = Debug|Any CPU
		{C4FF3972-E11B-418A-8B6B-B18251FE1819}.Debug|x64.Build.0 = Debug|Any CPU
		{C4FF3972-E11B-418A-8B6B-B18251FE1819}.Debug|x86.ActiveCfg = Debug|Any CPU
		{C4FF3972-E11B-418A-8B6B-B18251FE1819}.Debug|x86.Build.0 = Debug|Any CPU
		{C4FF3972-E11B-418A-8B6B-B18251FE1819}.Release|Any CPU.ActiveCfg = Release|Any CPU
		{C4FF3972-E11B-418A-8B6B-B18251FE1819}.Release|Any CPU.Build.0 = Release|Any CPU
		{C4FF3972-E11B-418A-8B6B-B18251FE1819}.Release|x64.ActiveCfg = Release|Any CPU
		{C4FF3972-E11B-418A-8B6B-B18251FE1819}.Release|x64.Build.0 = Release|Any CPU
		{C4FF3972-E11B-418A-8B6B-B18251FE1819}.Release|x86.ActiveCfg = Release|Any CPU
		{C4FF3972-E11B-418A-8B6B-B18251FE1819}.Release|x86.Build.0 = Release|Any CPU
		{CB98715A-6F23-41C3-940B-30DE70B72D41}.Debug|Any CPU.ActiveCfg = Debug|Any CPU
		{CB98715A-6F23-41C3-940B-30DE70B72D41}.Debug|Any CPU.Build.0 = Debug|Any CPU
		{CB98715A-6F23-41C3-940B-30DE70B72D41}.Debug|x64.ActiveCfg = Debug|Any CPU
		{CB98715A-6F23-41C3-940B-30DE70B72D41}.Debug|x64.Build.0 = Debug|Any CPU
		{CB98715A-6F23-41C3-940B-30DE70B72D41}.Debug|x86.ActiveCfg = Debug|Any CPU
		{CB98715A-6F23-41C3-940B-30DE70B72D41}.Debug|x86.Build.0 = Debug|Any CPU
		{CB98715A-6F23-41C3-940B-30DE70B72D41}.Release|Any CPU.ActiveCfg = Release|Any CPU
		{CB98715A-6F23-41C3-940B-30DE70B72D41}.Release|Any CPU.Build.0 = Release|Any CPU
		{CB98715A-6F23-41C3-940B-30DE70B72D41}.Release|x64.ActiveCfg = Release|Any CPU
		{CB98715A-6F23-41C3-940B-30DE70B72D41}.Release|x64.Build.0 = Release|Any CPU
		{CB98715A-6F23-41C3-940B-30DE70B72D41}.Release|x86.ActiveCfg = Release|Any CPU
		{CB98715A-6F23-41C3-940B-30DE70B72D41}.Release|x86.Build.0 = Release|Any CPU
		{A1B9B454-D4A6-4D3D-81F5-0ECC57442649}.Debug|Any CPU.ActiveCfg = Debug|Any CPU
		{A1B9B454-D4A6-4D3D-81F5-0ECC57442649}.Debug|Any CPU.Build.0 = Debug|Any CPU
		{A1B9B454-D4A6-4D3D-81F5-0ECC57442649}.Debug|x64.ActiveCfg = Debug|Any CPU
		{A1B9B454-D4A6-4D3D-81F5-0ECC57442649}.Debug|x64.Build.0 = Debug|Any CPU
		{A1B9B454-D4A6-4D3D-81F5-0ECC57442649}.Debug|x86.ActiveCfg = Debug|Any CPU
		{A1B9B454-D4A6-4D3D-81F5-0ECC57442649}.Debug|x86.Build.0 = Debug|Any CPU
		{A1B9B454-D4A6-4D3D-81F5-0ECC57442649}.Release|Any CPU.ActiveCfg = Release|Any CPU
		{A1B9B454-D4A6-4D3D-81F5-0ECC57442649}.Release|Any CPU.Build.0 = Release|Any CPU
		{A1B9B454-D4A6-4D3D-81F5-0ECC57442649}.Release|x64.ActiveCfg = Release|Any CPU
		{A1B9B454-D4A6-4D3D-81F5-0ECC57442649}.Release|x64.Build.0 = Release|Any CPU
		{A1B9B454-D4A6-4D3D-81F5-0ECC57442649}.Release|x86.ActiveCfg = Release|Any CPU
		{A1B9B454-D4A6-4D3D-81F5-0ECC57442649}.Release|x86.Build.0 = Release|Any CPU
		{1F0E4F75-29AC-460D-BE18-58A338D3CA70}.Debug|Any CPU.ActiveCfg = Debug|Any CPU
		{1F0E4F75-29AC-460D-BE18-58A338D3CA70}.Debug|Any CPU.Build.0 = Debug|Any CPU
		{1F0E4F75-29AC-460D-BE18-58A338D3CA70}.Debug|x64.ActiveCfg = Debug|Any CPU
		{1F0E4F75-29AC-460D-BE18-58A338D3CA70}.Debug|x64.Build.0 = Debug|Any CPU
		{1F0E4F75-29AC-460D-BE18-58A338D3CA70}.Debug|x86.ActiveCfg = Debug|Any CPU
		{1F0E4F75-29AC-460D-BE18-58A338D3CA70}.Debug|x86.Build.0 = Debug|Any CPU
		{1F0E4F75-29AC-460D-BE18-58A338D3CA70}.Release|Any CPU.ActiveCfg = Release|Any CPU
		{1F0E4F75-29AC-460D-BE18-58A338D3CA70}.Release|Any CPU.Build.0 = Release|Any CPU
		{1F0E4F75-29AC-460D-BE18-58A338D3CA70}.Release|x64.ActiveCfg = Release|Any CPU
		{1F0E4F75-29AC-460D-BE18-58A338D3CA70}.Release|x64.Build.0 = Release|Any CPU
		{1F0E4F75-29AC-460D-BE18-58A338D3CA70}.Release|x86.ActiveCfg = Release|Any CPU
		{1F0E4F75-29AC-460D-BE18-58A338D3CA70}.Release|x86.Build.0 = Release|Any CPU
		{D6AA6784-BCEA-42BA-A8A3-FEF2D14689FE}.Debug|Any CPU.ActiveCfg = Debug|Any CPU
		{D6AA6784-BCEA-42BA-A8A3-FEF2D14689FE}.Debug|Any CPU.Build.0 = Debug|Any CPU
		{D6AA6784-BCEA-42BA-A8A3-FEF2D14689FE}.Debug|x64.ActiveCfg = Debug|Any CPU
		{D6AA6784-BCEA-42BA-A8A3-FEF2D14689FE}.Debug|x64.Build.0 = Debug|Any CPU
		{D6AA6784-BCEA-42BA-A8A3-FEF2D14689FE}.Debug|x86.ActiveCfg = Debug|Any CPU
		{D6AA6784-BCEA-42BA-A8A3-FEF2D14689FE}.Debug|x86.Build.0 = Debug|Any CPU
		{D6AA6784-BCEA-42BA-A8A3-FEF2D14689FE}.Release|Any CPU.ActiveCfg = Release|Any CPU
		{D6AA6784-BCEA-42BA-A8A3-FEF2D14689FE}.Release|Any CPU.Build.0 = Release|Any CPU
		{D6AA6784-BCEA-42BA-A8A3-FEF2D14689FE}.Release|x64.ActiveCfg = Release|Any CPU
		{D6AA6784-BCEA-42BA-A8A3-FEF2D14689FE}.Release|x64.Build.0 = Release|Any CPU
		{D6AA6784-BCEA-42BA-A8A3-FEF2D14689FE}.Release|x86.ActiveCfg = Release|Any CPU
		{D6AA6784-BCEA-42BA-A8A3-FEF2D14689FE}.Release|x86.Build.0 = Release|Any CPU
		{F4F358B1-A7F9-4F45-B786-4B21DCA6F7DC}.Debug|Any CPU.ActiveCfg = Debug|Any CPU
		{F4F358B1-A7F9-4F45-B786-4B21DCA6F7DC}.Debug|Any CPU.Build.0 = Debug|Any CPU
		{F4F358B1-A7F9-4F45-B786-4B21DCA6F7DC}.Debug|x64.ActiveCfg = Debug|Any CPU
		{F4F358B1-A7F9-4F45-B786-4B21DCA6F7DC}.Debug|x64.Build.0 = Debug|Any CPU
		{F4F358B1-A7F9-4F45-B786-4B21DCA6F7DC}.Debug|x86.ActiveCfg = Debug|Any CPU
		{F4F358B1-A7F9-4F45-B786-4B21DCA6F7DC}.Debug|x86.Build.0 = Debug|Any CPU
		{F4F358B1-A7F9-4F45-B786-4B21DCA6F7DC}.Release|Any CPU.ActiveCfg = Release|Any CPU
		{F4F358B1-A7F9-4F45-B786-4B21DCA6F7DC}.Release|Any CPU.Build.0 = Release|Any CPU
		{F4F358B1-A7F9-4F45-B786-4B21DCA6F7DC}.Release|x64.ActiveCfg = Release|Any CPU
		{F4F358B1-A7F9-4F45-B786-4B21DCA6F7DC}.Release|x64.Build.0 = Release|Any CPU
		{F4F358B1-A7F9-4F45-B786-4B21DCA6F7DC}.Release|x86.ActiveCfg = Release|Any CPU
		{F4F358B1-A7F9-4F45-B786-4B21DCA6F7DC}.Release|x86.Build.0 = Release|Any CPU
		{D39DCC2D-1549-478D-A1F4-B71BEA000689}.Debug|Any CPU.ActiveCfg = Debug|Any CPU
		{D39DCC2D-1549-478D-A1F4-B71BEA000689}.Debug|Any CPU.Build.0 = Debug|Any CPU
		{D39DCC2D-1549-478D-A1F4-B71BEA000689}.Debug|x64.ActiveCfg = Debug|Any CPU
		{D39DCC2D-1549-478D-A1F4-B71BEA000689}.Debug|x64.Build.0 = Debug|Any CPU
		{D39DCC2D-1549-478D-A1F4-B71BEA000689}.Debug|x86.ActiveCfg = Debug|Any CPU
		{D39DCC2D-1549-478D-A1F4-B71BEA000689}.Debug|x86.Build.0 = Debug|Any CPU
		{D39DCC2D-1549-478D-A1F4-B71BEA000689}.Release|Any CPU.ActiveCfg = Release|Any CPU
		{D39DCC2D-1549-478D-A1F4-B71BEA000689}.Release|Any CPU.Build.0 = Release|Any CPU
		{D39DCC2D-1549-478D-A1F4-B71BEA000689}.Release|x64.ActiveCfg = Release|Any CPU
		{D39DCC2D-1549-478D-A1F4-B71BEA000689}.Release|x64.Build.0 = Release|Any CPU
		{D39DCC2D-1549-478D-A1F4-B71BEA000689}.Release|x86.ActiveCfg = Release|Any CPU
		{D39DCC2D-1549-478D-A1F4-B71BEA000689}.Release|x86.Build.0 = Release|Any CPU
		{C45D4D55-7916-445B-A633-5FECE78E12C6}.Debug|Any CPU.ActiveCfg = Debug|Any CPU
		{C45D4D55-7916-445B-A633-5FECE78E12C6}.Debug|Any CPU.Build.0 = Debug|Any CPU
		{C45D4D55-7916-445B-A633-5FECE78E12C6}.Debug|x64.ActiveCfg = Debug|Any CPU
		{C45D4D55-7916-445B-A633-5FECE78E12C6}.Debug|x64.Build.0 = Debug|Any CPU
		{C45D4D55-7916-445B-A633-5FECE78E12C6}.Debug|x86.ActiveCfg = Debug|Any CPU
		{C45D4D55-7916-445B-A633-5FECE78E12C6}.Debug|x86.Build.0 = Debug|Any CPU
		{C45D4D55-7916-445B-A633-5FECE78E12C6}.Release|Any CPU.ActiveCfg = Release|Any CPU
		{C45D4D55-7916-445B-A633-5FECE78E12C6}.Release|Any CPU.Build.0 = Release|Any CPU
		{C45D4D55-7916-445B-A633-5FECE78E12C6}.Release|x64.ActiveCfg = Release|Any CPU
		{C45D4D55-7916-445B-A633-5FECE78E12C6}.Release|x64.Build.0 = Release|Any CPU
		{C45D4D55-7916-445B-A633-5FECE78E12C6}.Release|x86.ActiveCfg = Release|Any CPU
		{C45D4D55-7916-445B-A633-5FECE78E12C6}.Release|x86.Build.0 = Release|Any CPU
		{BD4129E2-850C-4C87-8200-679021B110E3}.Debug|Any CPU.ActiveCfg = Debug|Any CPU
		{BD4129E2-850C-4C87-8200-679021B110E3}.Debug|Any CPU.Build.0 = Debug|Any CPU
		{BD4129E2-850C-4C87-8200-679021B110E3}.Debug|x64.ActiveCfg = Debug|Any CPU
		{BD4129E2-850C-4C87-8200-679021B110E3}.Debug|x64.Build.0 = Debug|Any CPU
		{BD4129E2-850C-4C87-8200-679021B110E3}.Debug|x86.ActiveCfg = Debug|Any CPU
		{BD4129E2-850C-4C87-8200-679021B110E3}.Debug|x86.Build.0 = Debug|Any CPU
		{BD4129E2-850C-4C87-8200-679021B110E3}.Release|Any CPU.ActiveCfg = Release|Any CPU
		{BD4129E2-850C-4C87-8200-679021B110E3}.Release|Any CPU.Build.0 = Release|Any CPU
		{BD4129E2-850C-4C87-8200-679021B110E3}.Release|x64.ActiveCfg = Release|Any CPU
		{BD4129E2-850C-4C87-8200-679021B110E3}.Release|x64.Build.0 = Release|Any CPU
		{BD4129E2-850C-4C87-8200-679021B110E3}.Release|x86.ActiveCfg = Release|Any CPU
		{BD4129E2-850C-4C87-8200-679021B110E3}.Release|x86.Build.0 = Release|Any CPU
		{02C7D4AB-6C02-4F9A-AAD1-82C77488DEA6}.Debug|Any CPU.ActiveCfg = Debug|Any CPU
		{02C7D4AB-6C02-4F9A-AAD1-82C77488DEA6}.Debug|Any CPU.Build.0 = Debug|Any CPU
		{02C7D4AB-6C02-4F9A-AAD1-82C77488DEA6}.Debug|x64.ActiveCfg = Debug|Any CPU
		{02C7D4AB-6C02-4F9A-AAD1-82C77488DEA6}.Debug|x64.Build.0 = Debug|Any CPU
		{02C7D4AB-6C02-4F9A-AAD1-82C77488DEA6}.Debug|x86.ActiveCfg = Debug|Any CPU
		{02C7D4AB-6C02-4F9A-AAD1-82C77488DEA6}.Debug|x86.Build.0 = Debug|Any CPU
		{02C7D4AB-6C02-4F9A-AAD1-82C77488DEA6}.Release|Any CPU.ActiveCfg = Release|Any CPU
		{02C7D4AB-6C02-4F9A-AAD1-82C77488DEA6}.Release|Any CPU.Build.0 = Release|Any CPU
		{02C7D4AB-6C02-4F9A-AAD1-82C77488DEA6}.Release|x64.ActiveCfg = Release|Any CPU
		{02C7D4AB-6C02-4F9A-AAD1-82C77488DEA6}.Release|x64.Build.0 = Release|Any CPU
		{02C7D4AB-6C02-4F9A-AAD1-82C77488DEA6}.Release|x86.ActiveCfg = Release|Any CPU
		{02C7D4AB-6C02-4F9A-AAD1-82C77488DEA6}.Release|x86.Build.0 = Release|Any CPU
		{DD610CAB-7FB6-4FE2-8290-075E4F20D287}.Debug|Any CPU.ActiveCfg = Debug|Any CPU
		{DD610CAB-7FB6-4FE2-8290-075E4F20D287}.Debug|Any CPU.Build.0 = Debug|Any CPU
		{DD610CAB-7FB6-4FE2-8290-075E4F20D287}.Debug|x64.ActiveCfg = Debug|Any CPU
		{DD610CAB-7FB6-4FE2-8290-075E4F20D287}.Debug|x64.Build.0 = Debug|Any CPU
		{DD610CAB-7FB6-4FE2-8290-075E4F20D287}.Debug|x86.ActiveCfg = Debug|Any CPU
		{DD610CAB-7FB6-4FE2-8290-075E4F20D287}.Debug|x86.Build.0 = Debug|Any CPU
		{DD610CAB-7FB6-4FE2-8290-075E4F20D287}.Release|Any CPU.ActiveCfg = Release|Any CPU
		{DD610CAB-7FB6-4FE2-8290-075E4F20D287}.Release|Any CPU.Build.0 = Release|Any CPU
		{DD610CAB-7FB6-4FE2-8290-075E4F20D287}.Release|x64.ActiveCfg = Release|Any CPU
		{DD610CAB-7FB6-4FE2-8290-075E4F20D287}.Release|x64.Build.0 = Release|Any CPU
		{DD610CAB-7FB6-4FE2-8290-075E4F20D287}.Release|x86.ActiveCfg = Release|Any CPU
		{DD610CAB-7FB6-4FE2-8290-075E4F20D287}.Release|x86.Build.0 = Release|Any CPU
		{12496675-A0EC-4659-A04C-F0CCDF6EBFEB}.Debug|Any CPU.ActiveCfg = Debug|Any CPU
		{12496675-A0EC-4659-A04C-F0CCDF6EBFEB}.Debug|Any CPU.Build.0 = Debug|Any CPU
		{12496675-A0EC-4659-A04C-F0CCDF6EBFEB}.Debug|x64.ActiveCfg = Debug|Any CPU
		{12496675-A0EC-4659-A04C-F0CCDF6EBFEB}.Debug|x64.Build.0 = Debug|Any CPU
		{12496675-A0EC-4659-A04C-F0CCDF6EBFEB}.Debug|x86.ActiveCfg = Debug|Any CPU
		{12496675-A0EC-4659-A04C-F0CCDF6EBFEB}.Debug|x86.Build.0 = Debug|Any CPU
		{12496675-A0EC-4659-A04C-F0CCDF6EBFEB}.Release|Any CPU.ActiveCfg = Release|Any CPU
		{12496675-A0EC-4659-A04C-F0CCDF6EBFEB}.Release|Any CPU.Build.0 = Release|Any CPU
		{12496675-A0EC-4659-A04C-F0CCDF6EBFEB}.Release|x64.ActiveCfg = Release|Any CPU
		{12496675-A0EC-4659-A04C-F0CCDF6EBFEB}.Release|x64.Build.0 = Release|Any CPU
		{12496675-A0EC-4659-A04C-F0CCDF6EBFEB}.Release|x86.ActiveCfg = Release|Any CPU
		{12496675-A0EC-4659-A04C-F0CCDF6EBFEB}.Release|x86.Build.0 = Release|Any CPU
		{CEF4D9CF-F9B7-4116-894C-D8AC8948063C}.Debug|Any CPU.ActiveCfg = Debug|Any CPU
		{CEF4D9CF-F9B7-4116-894C-D8AC8948063C}.Debug|Any CPU.Build.0 = Debug|Any CPU
		{CEF4D9CF-F9B7-4116-894C-D8AC8948063C}.Debug|x64.ActiveCfg = Debug|Any CPU
		{CEF4D9CF-F9B7-4116-894C-D8AC8948063C}.Debug|x64.Build.0 = Debug|Any CPU
		{CEF4D9CF-F9B7-4116-894C-D8AC8948063C}.Debug|x86.ActiveCfg = Debug|Any CPU
		{CEF4D9CF-F9B7-4116-894C-D8AC8948063C}.Debug|x86.Build.0 = Debug|Any CPU
		{CEF4D9CF-F9B7-4116-894C-D8AC8948063C}.Release|Any CPU.ActiveCfg = Release|Any CPU
		{CEF4D9CF-F9B7-4116-894C-D8AC8948063C}.Release|Any CPU.Build.0 = Release|Any CPU
		{CEF4D9CF-F9B7-4116-894C-D8AC8948063C}.Release|x64.ActiveCfg = Release|Any CPU
		{CEF4D9CF-F9B7-4116-894C-D8AC8948063C}.Release|x64.Build.0 = Release|Any CPU
		{CEF4D9CF-F9B7-4116-894C-D8AC8948063C}.Release|x86.ActiveCfg = Release|Any CPU
		{CEF4D9CF-F9B7-4116-894C-D8AC8948063C}.Release|x86.Build.0 = Release|Any CPU
		{DCBFB892-DBE7-4DA1-B64A-A66896998143}.Debug|Any CPU.ActiveCfg = Debug|Any CPU
		{DCBFB892-DBE7-4DA1-B64A-A66896998143}.Debug|Any CPU.Build.0 = Debug|Any CPU
		{DCBFB892-DBE7-4DA1-B64A-A66896998143}.Debug|x64.ActiveCfg = Debug|Any CPU
		{DCBFB892-DBE7-4DA1-B64A-A66896998143}.Debug|x64.Build.0 = Debug|Any CPU
		{DCBFB892-DBE7-4DA1-B64A-A66896998143}.Debug|x86.ActiveCfg = Debug|Any CPU
		{DCBFB892-DBE7-4DA1-B64A-A66896998143}.Debug|x86.Build.0 = Debug|Any CPU
		{DCBFB892-DBE7-4DA1-B64A-A66896998143}.Release|Any CPU.ActiveCfg = Release|Any CPU
		{DCBFB892-DBE7-4DA1-B64A-A66896998143}.Release|Any CPU.Build.0 = Release|Any CPU
		{DCBFB892-DBE7-4DA1-B64A-A66896998143}.Release|x64.ActiveCfg = Release|Any CPU
		{DCBFB892-DBE7-4DA1-B64A-A66896998143}.Release|x64.Build.0 = Release|Any CPU
		{DCBFB892-DBE7-4DA1-B64A-A66896998143}.Release|x86.ActiveCfg = Release|Any CPU
		{DCBFB892-DBE7-4DA1-B64A-A66896998143}.Release|x86.Build.0 = Release|Any CPU
		{BD729B94-0243-4208-9151-5B373D4B1570}.Debug|Any CPU.ActiveCfg = Debug|Any CPU
		{BD729B94-0243-4208-9151-5B373D4B1570}.Debug|Any CPU.Build.0 = Debug|Any CPU
		{BD729B94-0243-4208-9151-5B373D4B1570}.Debug|x64.ActiveCfg = Debug|Any CPU
		{BD729B94-0243-4208-9151-5B373D4B1570}.Debug|x64.Build.0 = Debug|Any CPU
		{BD729B94-0243-4208-9151-5B373D4B1570}.Debug|x86.ActiveCfg = Debug|Any CPU
		{BD729B94-0243-4208-9151-5B373D4B1570}.Debug|x86.Build.0 = Debug|Any CPU
		{BD729B94-0243-4208-9151-5B373D4B1570}.Release|Any CPU.ActiveCfg = Release|Any CPU
		{BD729B94-0243-4208-9151-5B373D4B1570}.Release|Any CPU.Build.0 = Release|Any CPU
		{BD729B94-0243-4208-9151-5B373D4B1570}.Release|x64.ActiveCfg = Release|Any CPU
		{BD729B94-0243-4208-9151-5B373D4B1570}.Release|x64.Build.0 = Release|Any CPU
		{BD729B94-0243-4208-9151-5B373D4B1570}.Release|x86.ActiveCfg = Release|Any CPU
		{BD729B94-0243-4208-9151-5B373D4B1570}.Release|x86.Build.0 = Release|Any CPU
		{87125F3F-65EC-446E-B5F0-2744B6595075}.Debug|Any CPU.ActiveCfg = Debug|Any CPU
		{87125F3F-65EC-446E-B5F0-2744B6595075}.Debug|Any CPU.Build.0 = Debug|Any CPU
		{87125F3F-65EC-446E-B5F0-2744B6595075}.Debug|x64.ActiveCfg = Debug|Any CPU
		{87125F3F-65EC-446E-B5F0-2744B6595075}.Debug|x64.Build.0 = Debug|Any CPU
		{87125F3F-65EC-446E-B5F0-2744B6595075}.Debug|x86.ActiveCfg = Debug|Any CPU
		{87125F3F-65EC-446E-B5F0-2744B6595075}.Debug|x86.Build.0 = Debug|Any CPU
		{87125F3F-65EC-446E-B5F0-2744B6595075}.Release|Any CPU.ActiveCfg = Release|Any CPU
		{87125F3F-65EC-446E-B5F0-2744B6595075}.Release|Any CPU.Build.0 = Release|Any CPU
		{87125F3F-65EC-446E-B5F0-2744B6595075}.Release|x64.ActiveCfg = Release|Any CPU
		{87125F3F-65EC-446E-B5F0-2744B6595075}.Release|x64.Build.0 = Release|Any CPU
		{87125F3F-65EC-446E-B5F0-2744B6595075}.Release|x86.ActiveCfg = Release|Any CPU
		{87125F3F-65EC-446E-B5F0-2744B6595075}.Release|x86.Build.0 = Release|Any CPU
		{5CE987E3-CB9A-4429-ACFF-23C2E2926344}.Debug|Any CPU.ActiveCfg = Debug|Any CPU
		{5CE987E3-CB9A-4429-ACFF-23C2E2926344}.Debug|Any CPU.Build.0 = Debug|Any CPU
		{5CE987E3-CB9A-4429-ACFF-23C2E2926344}.Debug|x64.ActiveCfg = Debug|Any CPU
		{5CE987E3-CB9A-4429-ACFF-23C2E2926344}.Debug|x64.Build.0 = Debug|Any CPU
		{5CE987E3-CB9A-4429-ACFF-23C2E2926344}.Debug|x86.ActiveCfg = Debug|Any CPU
		{5CE987E3-CB9A-4429-ACFF-23C2E2926344}.Debug|x86.Build.0 = Debug|Any CPU
		{5CE987E3-CB9A-4429-ACFF-23C2E2926344}.Release|Any CPU.ActiveCfg = Release|Any CPU
		{5CE987E3-CB9A-4429-ACFF-23C2E2926344}.Release|Any CPU.Build.0 = Release|Any CPU
		{5CE987E3-CB9A-4429-ACFF-23C2E2926344}.Release|x64.ActiveCfg = Release|Any CPU
		{5CE987E3-CB9A-4429-ACFF-23C2E2926344}.Release|x64.Build.0 = Release|Any CPU
		{5CE987E3-CB9A-4429-ACFF-23C2E2926344}.Release|x86.ActiveCfg = Release|Any CPU
		{5CE987E3-CB9A-4429-ACFF-23C2E2926344}.Release|x86.Build.0 = Release|Any CPU
		{3EEEB68A-979F-41EB-9068-ECA07D0CBBEA}.Debug|Any CPU.ActiveCfg = Debug|Any CPU
		{3EEEB68A-979F-41EB-9068-ECA07D0CBBEA}.Debug|Any CPU.Build.0 = Debug|Any CPU
		{3EEEB68A-979F-41EB-9068-ECA07D0CBBEA}.Debug|x64.ActiveCfg = Debug|Any CPU
		{3EEEB68A-979F-41EB-9068-ECA07D0CBBEA}.Debug|x64.Build.0 = Debug|Any CPU
		{3EEEB68A-979F-41EB-9068-ECA07D0CBBEA}.Debug|x86.ActiveCfg = Debug|Any CPU
		{3EEEB68A-979F-41EB-9068-ECA07D0CBBEA}.Debug|x86.Build.0 = Debug|Any CPU
		{3EEEB68A-979F-41EB-9068-ECA07D0CBBEA}.Release|Any CPU.ActiveCfg = Release|Any CPU
		{3EEEB68A-979F-41EB-9068-ECA07D0CBBEA}.Release|Any CPU.Build.0 = Release|Any CPU
		{3EEEB68A-979F-41EB-9068-ECA07D0CBBEA}.Release|x64.ActiveCfg = Release|Any CPU
		{3EEEB68A-979F-41EB-9068-ECA07D0CBBEA}.Release|x64.Build.0 = Release|Any CPU
		{3EEEB68A-979F-41EB-9068-ECA07D0CBBEA}.Release|x86.ActiveCfg = Release|Any CPU
		{3EEEB68A-979F-41EB-9068-ECA07D0CBBEA}.Release|x86.Build.0 = Release|Any CPU
		{E1FCE344-B16A-4D5D-9AB7-F10A54FFB28C}.Debug|Any CPU.ActiveCfg = Debug|Any CPU
		{E1FCE344-B16A-4D5D-9AB7-F10A54FFB28C}.Debug|Any CPU.Build.0 = Debug|Any CPU
		{E1FCE344-B16A-4D5D-9AB7-F10A54FFB28C}.Debug|x64.ActiveCfg = Debug|Any CPU
		{E1FCE344-B16A-4D5D-9AB7-F10A54FFB28C}.Debug|x64.Build.0 = Debug|Any CPU
		{E1FCE344-B16A-4D5D-9AB7-F10A54FFB28C}.Debug|x86.ActiveCfg = Debug|Any CPU
		{E1FCE344-B16A-4D5D-9AB7-F10A54FFB28C}.Debug|x86.Build.0 = Debug|Any CPU
		{E1FCE344-B16A-4D5D-9AB7-F10A54FFB28C}.Release|Any CPU.ActiveCfg = Release|Any CPU
		{E1FCE344-B16A-4D5D-9AB7-F10A54FFB28C}.Release|Any CPU.Build.0 = Release|Any CPU
		{E1FCE344-B16A-4D5D-9AB7-F10A54FFB28C}.Release|x64.ActiveCfg = Release|Any CPU
		{E1FCE344-B16A-4D5D-9AB7-F10A54FFB28C}.Release|x64.Build.0 = Release|Any CPU
		{E1FCE344-B16A-4D5D-9AB7-F10A54FFB28C}.Release|x86.ActiveCfg = Release|Any CPU
		{E1FCE344-B16A-4D5D-9AB7-F10A54FFB28C}.Release|x86.Build.0 = Release|Any CPU
		{9B95C828-8F90-419D-BC72-72D1FB03B9AA}.Debug|Any CPU.ActiveCfg = Debug|Any CPU
		{9B95C828-8F90-419D-BC72-72D1FB03B9AA}.Debug|Any CPU.Build.0 = Debug|Any CPU
		{9B95C828-8F90-419D-BC72-72D1FB03B9AA}.Debug|x64.ActiveCfg = Debug|Any CPU
		{9B95C828-8F90-419D-BC72-72D1FB03B9AA}.Debug|x64.Build.0 = Debug|Any CPU
		{9B95C828-8F90-419D-BC72-72D1FB03B9AA}.Debug|x86.ActiveCfg = Debug|Any CPU
		{9B95C828-8F90-419D-BC72-72D1FB03B9AA}.Debug|x86.Build.0 = Debug|Any CPU
		{9B95C828-8F90-419D-BC72-72D1FB03B9AA}.Release|Any CPU.ActiveCfg = Release|Any CPU
		{9B95C828-8F90-419D-BC72-72D1FB03B9AA}.Release|Any CPU.Build.0 = Release|Any CPU
		{9B95C828-8F90-419D-BC72-72D1FB03B9AA}.Release|x64.ActiveCfg = Release|Any CPU
		{9B95C828-8F90-419D-BC72-72D1FB03B9AA}.Release|x64.Build.0 = Release|Any CPU
		{9B95C828-8F90-419D-BC72-72D1FB03B9AA}.Release|x86.ActiveCfg = Release|Any CPU
		{9B95C828-8F90-419D-BC72-72D1FB03B9AA}.Release|x86.Build.0 = Release|Any CPU
		{1025362B-D588-49E9-B4AA-DC0E708596D0}.Debug|Any CPU.ActiveCfg = Debug|Any CPU
		{1025362B-D588-49E9-B4AA-DC0E708596D0}.Debug|Any CPU.Build.0 = Debug|Any CPU
		{1025362B-D588-49E9-B4AA-DC0E708596D0}.Debug|x64.ActiveCfg = Debug|Any CPU
		{1025362B-D588-49E9-B4AA-DC0E708596D0}.Debug|x64.Build.0 = Debug|Any CPU
		{1025362B-D588-49E9-B4AA-DC0E708596D0}.Debug|x86.ActiveCfg = Debug|Any CPU
		{1025362B-D588-49E9-B4AA-DC0E708596D0}.Debug|x86.Build.0 = Debug|Any CPU
		{1025362B-D588-49E9-B4AA-DC0E708596D0}.Release|Any CPU.ActiveCfg = Release|Any CPU
		{1025362B-D588-49E9-B4AA-DC0E708596D0}.Release|Any CPU.Build.0 = Release|Any CPU
		{1025362B-D588-49E9-B4AA-DC0E708596D0}.Release|x64.ActiveCfg = Release|Any CPU
		{1025362B-D588-49E9-B4AA-DC0E708596D0}.Release|x64.Build.0 = Release|Any CPU
		{1025362B-D588-49E9-B4AA-DC0E708596D0}.Release|x86.ActiveCfg = Release|Any CPU
		{1025362B-D588-49E9-B4AA-DC0E708596D0}.Release|x86.Build.0 = Release|Any CPU
		{3A8D74E0-BA11-4292-A2C7-68788556B378}.Debug|Any CPU.ActiveCfg = Debug|Any CPU
		{3A8D74E0-BA11-4292-A2C7-68788556B378}.Debug|Any CPU.Build.0 = Debug|Any CPU
		{3A8D74E0-BA11-4292-A2C7-68788556B378}.Debug|x64.ActiveCfg = Debug|Any CPU
		{3A8D74E0-BA11-4292-A2C7-68788556B378}.Debug|x64.Build.0 = Debug|Any CPU
		{3A8D74E0-BA11-4292-A2C7-68788556B378}.Debug|x86.ActiveCfg = Debug|Any CPU
		{3A8D74E0-BA11-4292-A2C7-68788556B378}.Debug|x86.Build.0 = Debug|Any CPU
		{3A8D74E0-BA11-4292-A2C7-68788556B378}.Release|Any CPU.ActiveCfg = Release|Any CPU
		{3A8D74E0-BA11-4292-A2C7-68788556B378}.Release|Any CPU.Build.0 = Release|Any CPU
		{3A8D74E0-BA11-4292-A2C7-68788556B378}.Release|x64.ActiveCfg = Release|Any CPU
		{3A8D74E0-BA11-4292-A2C7-68788556B378}.Release|x64.Build.0 = Release|Any CPU
		{3A8D74E0-BA11-4292-A2C7-68788556B378}.Release|x86.ActiveCfg = Release|Any CPU
		{3A8D74E0-BA11-4292-A2C7-68788556B378}.Release|x86.Build.0 = Release|Any CPU
		{63336F40-B022-4530-8D85-CED17635AE4A}.Debug|Any CPU.ActiveCfg = Debug|Any CPU
		{63336F40-B022-4530-8D85-CED17635AE4A}.Debug|Any CPU.Build.0 = Debug|Any CPU
		{63336F40-B022-4530-8D85-CED17635AE4A}.Debug|x64.ActiveCfg = Debug|Any CPU
		{63336F40-B022-4530-8D85-CED17635AE4A}.Debug|x64.Build.0 = Debug|Any CPU
		{63336F40-B022-4530-8D85-CED17635AE4A}.Debug|x86.ActiveCfg = Debug|Any CPU
		{63336F40-B022-4530-8D85-CED17635AE4A}.Debug|x86.Build.0 = Debug|Any CPU
		{63336F40-B022-4530-8D85-CED17635AE4A}.Release|Any CPU.ActiveCfg = Release|Any CPU
		{63336F40-B022-4530-8D85-CED17635AE4A}.Release|Any CPU.Build.0 = Release|Any CPU
		{63336F40-B022-4530-8D85-CED17635AE4A}.Release|x64.ActiveCfg = Release|Any CPU
		{63336F40-B022-4530-8D85-CED17635AE4A}.Release|x64.Build.0 = Release|Any CPU
		{63336F40-B022-4530-8D85-CED17635AE4A}.Release|x86.ActiveCfg = Release|Any CPU
		{63336F40-B022-4530-8D85-CED17635AE4A}.Release|x86.Build.0 = Release|Any CPU
	EndGlobalSection
	GlobalSection(SolutionProperties) = preSolution
		HideSolutionNode = FALSE
	EndGlobalSection
	GlobalSection(NestedProjects) = preSolution
		{62673DE5-54A0-4E20-959E-89EC2CD2B2C0} = {83DE26C9-AF6B-4A74-8E71-D673823AC3A6}
		{187E0A55-A52B-4601-B4E1-9B145F9BB252} = {54483B46-DAB0-465E-8BC7-09DBF359D48D}
		{C4FF3972-E11B-418A-8B6B-B18251FE1819} = {80E6AB7E-CA9A-4A7C-ADEF-7859CB7BCFEF}
		{CB98715A-6F23-41C3-940B-30DE70B72D41} = {80E6AB7E-CA9A-4A7C-ADEF-7859CB7BCFEF}
		{A1B9B454-D4A6-4D3D-81F5-0ECC57442649} = {7F30ADC0-3BD0-45B9-AB8E-AE4C10876ECC}
		{1F0E4F75-29AC-460D-BE18-58A338D3CA70} = {7F30ADC0-3BD0-45B9-AB8E-AE4C10876ECC}
		{D6AA6784-BCEA-42BA-A8A3-FEF2D14689FE} = {7D639639-2181-4C52-8E29-AFEB56F6A89A}
		{F4F358B1-A7F9-4F45-B786-4B21DCA6F7DC} = {83DE26C9-AF6B-4A74-8E71-D673823AC3A6}
		{D39DCC2D-1549-478D-A1F4-B71BEA000689} = {7D639639-2181-4C52-8E29-AFEB56F6A89A}
		{C45D4D55-7916-445B-A633-5FECE78E12C6} = {83DE26C9-AF6B-4A74-8E71-D673823AC3A6}
		{BD4129E2-850C-4C87-8200-679021B110E3} = {83DE26C9-AF6B-4A74-8E71-D673823AC3A6}
		{02C7D4AB-6C02-4F9A-AAD1-82C77488DEA6} = {83DE26C9-AF6B-4A74-8E71-D673823AC3A6}
		{DD610CAB-7FB6-4FE2-8290-075E4F20D287} = {83DE26C9-AF6B-4A74-8E71-D673823AC3A6}
		{12496675-A0EC-4659-A04C-F0CCDF6EBFEB} = {B5C6F9DB-242F-489B-8623-60B29D799356}
		{CEF4D9CF-F9B7-4116-894C-D8AC8948063C} = {80E6AB7E-CA9A-4A7C-ADEF-7859CB7BCFEF}
		{DCBFB892-DBE7-4DA1-B64A-A66896998143} = {7D639639-2181-4C52-8E29-AFEB56F6A89A}
		{BD729B94-0243-4208-9151-5B373D4B1570} = {7D639639-2181-4C52-8E29-AFEB56F6A89A}
		{87125F3F-65EC-446E-B5F0-2744B6595075} = {FF313704-86C5-463A-9DAA-E06A5F444FC6}
		{5CE987E3-CB9A-4429-ACFF-23C2E2926344} = {7D639639-2181-4C52-8E29-AFEB56F6A89A}
		{3EEEB68A-979F-41EB-9068-ECA07D0CBBEA} = {54483B46-DAB0-465E-8BC7-09DBF359D48D}
		{E1FCE344-B16A-4D5D-9AB7-F10A54FFB28C} = {54483B46-DAB0-465E-8BC7-09DBF359D48D}
		{9B95C828-8F90-419D-BC72-72D1FB03B9AA} = {54483B46-DAB0-465E-8BC7-09DBF359D48D}
		{1025362B-D588-49E9-B4AA-DC0E708596D0} = {7D639639-2181-4C52-8E29-AFEB56F6A89A}
		{3A8D74E0-BA11-4292-A2C7-68788556B378} = {357E8264-0FDD-4238-847F-083578F10F24}
		{63336F40-B022-4530-8D85-CED17635AE4A} = {357E8264-0FDD-4238-847F-083578F10F24}
	EndGlobalSection
	GlobalSection(ExtensibilityGlobals) = postSolution
		SolutionGuid = {0BE99746-87EC-4763-82CD-B7317FE867C1}
	EndGlobalSection
EndGlobal
